
Microsoft Visual Studio Solution File, Format Version 12.00
# Visual Studio Version 17
VisualStudioVersion = 17.8.34408.163
MinimumVisualStudioVersion = 10.0.40219.1
Project("{9A19103F-16F7-4668-BE54-9A1E7A4F7556}") = "Globe.Account.Api", "Globe.Auth.Api\Globe.Account.Api.csproj", "{B21F6AA7-AB5D-46B6-AF05-5AD20F7586D2}"
EndProject
Project("{2150E333-8FDC-42A3-9474-1A3956D46DE8}") = "Account", "Account", "{16C2215C-ADE2-47F3-B9B5-BD520F0FEC20}"
EndProject
Project("{9A19103F-16F7-4668-BE54-9A1E7A4F7556}") = "Globe.Account.Service", "Globe.Auth.Service\Globe.Account.Service.csproj", "{7792C3C7-1CB0-4478-8857-CD98E24F2060}"
EndProject
Project("{2150E333-8FDC-42A3-9474-1A3956D46DE8}") = "Shared", "Shared", "{55410D49-6A34-4DAF-9788-D0439B14E90D}"
EndProject
Project("{9A19103F-16F7-4668-BE54-9A1E7A4F7556}") = "Globe.Shared.Entities", "Globe.Shared.Entities\Globe.Shared.Entities.csproj", "{F630F9E0-2F91-4D24-BDB7-8DED72E91C05}"
EndProject
Project("{9A19103F-16F7-4668-BE54-9A1E7A4F7556}") = "Globe.Shared.Models", "Globe.Shared.Models\Globe.Shared.Models.csproj", "{7BDD9A01-B8A0-42C1-B0D3-79C7CECE9E74}"
EndProject
Project("{2150E333-8FDC-42A3-9474-1A3956D46DE8}") = "Infrastructure", "Infrastructure", "{8E61ABCF-76C7-47B1-A221-A79732499DE6}"
EndProject
Project("{9A19103F-16F7-4668-BE54-9A1E7A4F7556}") = "Globe.Api.Gateway", "Globe.Api.Gateway\Globe.Api.Gateway.csproj", "{5D40C9E3-66C4-4D05-9735-67730DCC458A}"
EndProject
Project("{2150E333-8FDC-42A3-9474-1A3956D46DE8}") = "Applications", "Applications", "{5F5C7509-7241-4E66-B7A5-D40390FCF554}"
EndProject
Project("{2150E333-8FDC-42A3-9474-1A3956D46DE8}") = "Foundation", "Foundation", "{6ABAECF6-0707-45EA-BCCA-5E0AD53E2199}"
EndProject
Project("{2150E333-8FDC-42A3-9474-1A3956D46DE8}") = "Domain", "Domain", "{10AB84C3-809E-48BA-AAAF-06CD05313696}"
EndProject
Project("{9A19103F-16F7-4668-BE54-9A1E7A4F7556}") = "Globe.Core", "Globe.Core\Globe.Core.csproj", "{4A0F7736-DBE3-4DC9-90B6-6620A953F9C1}"
EndProject
Project("{2150E333-8FDC-42A3-9474-1A3956D46DE8}") = "Audit", "Audit", "{DEC4923C-FACE-4450-86C3-785FC4DE47CA}"
EndProject
Project("{9A19103F-16F7-4668-BE54-9A1E7A4F7556}") = "Globe.Audit.Api", "Globe.Audit.Api\Globe.Audit.Api.csproj", "{F9228D1F-1CD9-4649-858B-2B9C646A0E93}"
EndProject
Project("{9A19103F-16F7-4668-BE54-9A1E7A4F7556}") = "Globe.EventBus.RabbitMQ", "Globe.EventBus.RabbitMQ\Globe.EventBus.RabbitMQ.csproj", "{99A422B9-388A-40FF-BF3A-979BCFEDAA7D}"
EndProject
Project("{9A19103F-16F7-4668-BE54-9A1E7A4F7556}") = "Globe.Domain.Core", "Globe.Domain.Core\Globe.Domain.Core.csproj", "{D9AB4847-5B45-4AAF-AC1E-17EE5C6CE18B}"
EndProject
Project("{9A19103F-16F7-4668-BE54-9A1E7A4F7556}") = "Globe.Shared", "Globe.Shared\Globe.Shared.csproj", "{644BCFA5-271D-4670-9172-D0CB25FD434E}"
EndProject
Global
	GlobalSection(SolutionConfigurationPlatforms) = preSolution
		Debug|Any CPU = Debug|Any CPU
		Release|Any CPU = Release|Any CPU
	EndGlobalSection
	GlobalSection(ProjectConfigurationPlatforms) = postSolution
		{B21F6AA7-AB5D-46B6-AF05-5AD20F7586D2}.Debug|Any CPU.ActiveCfg = Debug|Any CPU
		{B21F6AA7-AB5D-46B6-AF05-5AD20F7586D2}.Debug|Any CPU.Build.0 = Debug|Any CPU
		{B21F6AA7-AB5D-46B6-AF05-5AD20F7586D2}.Release|Any CPU.ActiveCfg = Release|Any CPU
		{B21F6AA7-AB5D-46B6-AF05-5AD20F7586D2}.Release|Any CPU.Build.0 = Release|Any CPU
		{7792C3C7-1CB0-4478-8857-CD98E24F2060}.Debug|Any CPU.ActiveCfg = Debug|Any CPU
		{7792C3C7-1CB0-4478-8857-CD98E24F2060}.Debug|Any CPU.Build.0 = Debug|Any CPU
		{7792C3C7-1CB0-4478-8857-CD98E24F2060}.Release|Any CPU.ActiveCfg = Release|Any CPU
		{7792C3C7-1CB0-4478-8857-CD98E24F2060}.Release|Any CPU.Build.0 = Release|Any CPU
		{F630F9E0-2F91-4D24-BDB7-8DED72E91C05}.Debug|Any CPU.ActiveCfg = Debug|Any CPU
		{F630F9E0-2F91-4D24-BDB7-8DED72E91C05}.Debug|Any CPU.Build.0 = Debug|Any CPU
		{F630F9E0-2F91-4D24-BDB7-8DED72E91C05}.Release|Any CPU.ActiveCfg = Release|Any CPU
		{F630F9E0-2F91-4D24-BDB7-8DED72E91C05}.Release|Any CPU.Build.0 = Release|Any CPU
		{7BDD9A01-B8A0-42C1-B0D3-79C7CECE9E74}.Debug|Any CPU.ActiveCfg = Debug|Any CPU
		{7BDD9A01-B8A0-42C1-B0D3-79C7CECE9E74}.Debug|Any CPU.Build.0 = Debug|Any CPU
		{7BDD9A01-B8A0-42C1-B0D3-79C7CECE9E74}.Release|Any CPU.ActiveCfg = Release|Any CPU
		{7BDD9A01-B8A0-42C1-B0D3-79C7CECE9E74}.Release|Any CPU.Build.0 = Release|Any CPU
		{5D40C9E3-66C4-4D05-9735-67730DCC458A}.Debug|Any CPU.ActiveCfg = Debug|Any CPU
		{5D40C9E3-66C4-4D05-9735-67730DCC458A}.Debug|Any CPU.Build.0 = Debug|Any CPU
		{5D40C9E3-66C4-4D05-9735-67730DCC458A}.Release|Any CPU.ActiveCfg = Release|Any CPU
		{5D40C9E3-66C4-4D05-9735-67730DCC458A}.Release|Any CPU.Build.0 = Release|Any CPU
		{4A0F7736-DBE3-4DC9-90B6-6620A953F9C1}.Debug|Any CPU.ActiveCfg = Debug|Any CPU
		{4A0F7736-DBE3-4DC9-90B6-6620A953F9C1}.Debug|Any CPU.Build.0 = Debug|Any CPU
		{4A0F7736-DBE3-4DC9-90B6-6620A953F9C1}.Release|Any CPU.ActiveCfg = Release|Any CPU
		{4A0F7736-DBE3-4DC9-90B6-6620A953F9C1}.Release|Any CPU.Build.0 = Release|Any CPU
		{F9228D1F-1CD9-4649-858B-2B9C646A0E93}.Debug|Any CPU.ActiveCfg = Debug|Any CPU
		{F9228D1F-1CD9-4649-858B-2B9C646A0E93}.Debug|Any CPU.Build.0 = Debug|Any CPU
		{F9228D1F-1CD9-4649-858B-2B9C646A0E93}.Release|Any CPU.ActiveCfg = Release|Any CPU
		{F9228D1F-1CD9-4649-858B-2B9C646A0E93}.Release|Any CPU.Build.0 = Release|Any CPU
		{99A422B9-388A-40FF-BF3A-979BCFEDAA7D}.Debug|Any CPU.ActiveCfg = Debug|Any CPU
		{99A422B9-388A-40FF-BF3A-979BCFEDAA7D}.Debug|Any CPU.Build.0 = Debug|Any CPU
		{99A422B9-388A-40FF-BF3A-979BCFEDAA7D}.Release|Any CPU.ActiveCfg = Release|Any CPU
		{99A422B9-388A-40FF-BF3A-979BCFEDAA7D}.Release|Any CPU.Build.0 = Release|Any CPU
		{D9AB4847-5B45-4AAF-AC1E-17EE5C6CE18B}.Debug|Any CPU.ActiveCfg = Debug|Any CPU
		{D9AB4847-5B45-4AAF-AC1E-17EE5C6CE18B}.Debug|Any CPU.Build.0 = Debug|Any CPU
		{D9AB4847-5B45-4AAF-AC1E-17EE5C6CE18B}.Release|Any CPU.ActiveCfg = Release|Any CPU
		{D9AB4847-5B45-4AAF-AC1E-17EE5C6CE18B}.Release|Any CPU.Build.0 = Release|Any CPU
		{644BCFA5-271D-4670-9172-D0CB25FD434E}.Debug|Any CPU.ActiveCfg = Debug|Any CPU
		{644BCFA5-271D-4670-9172-D0CB25FD434E}.Debug|Any CPU.Build.0 = Debug|Any CPU
		{644BCFA5-271D-4670-9172-D0CB25FD434E}.Release|Any CPU.ActiveCfg = Release|Any CPU
		{644BCFA5-271D-4670-9172-D0CB25FD434E}.Release|Any CPU.Build.0 = Release|Any CPU
	EndGlobalSection
	GlobalSection(SolutionProperties) = preSolution
		HideSolutionNode = FALSE
	EndGlobalSection
	GlobalSection(NestedProjects) = preSolution
		{B21F6AA7-AB5D-46B6-AF05-5AD20F7586D2} = {16C2215C-ADE2-47F3-B9B5-BD520F0FEC20}
		{16C2215C-ADE2-47F3-B9B5-BD520F0FEC20} = {5F5C7509-7241-4E66-B7A5-D40390FCF554}
		{7792C3C7-1CB0-4478-8857-CD98E24F2060} = {16C2215C-ADE2-47F3-B9B5-BD520F0FEC20}
		{F630F9E0-2F91-4D24-BDB7-8DED72E91C05} = {55410D49-6A34-4DAF-9788-D0439B14E90D}
		{7BDD9A01-B8A0-42C1-B0D3-79C7CECE9E74} = {55410D49-6A34-4DAF-9788-D0439B14E90D}
		{5D40C9E3-66C4-4D05-9735-67730DCC458A} = {8E61ABCF-76C7-47B1-A221-A79732499DE6}
		{6ABAECF6-0707-45EA-BCCA-5E0AD53E2199} = {5F5C7509-7241-4E66-B7A5-D40390FCF554}
		{4A0F7736-DBE3-4DC9-90B6-6620A953F9C1} = {10AB84C3-809E-48BA-AAAF-06CD05313696}
		{DEC4923C-FACE-4450-86C3-785FC4DE47CA} = {5F5C7509-7241-4E66-B7A5-D40390FCF554}
		{F9228D1F-1CD9-4649-858B-2B9C646A0E93} = {DEC4923C-FACE-4450-86C3-785FC4DE47CA}
		{99A422B9-388A-40FF-BF3A-979BCFEDAA7D} = {8E61ABCF-76C7-47B1-A221-A79732499DE6}
		{D9AB4847-5B45-4AAF-AC1E-17EE5C6CE18B} = {10AB84C3-809E-48BA-AAAF-06CD05313696}
		{644BCFA5-271D-4670-9172-D0CB25FD434E} = {55410D49-6A34-4DAF-9788-D0439B14E90D}
	EndGlobalSection
	GlobalSection(ExtensibilityGlobals) = postSolution
		SolutionGuid = {2B31BCE3-C982-43FA-BE25-7B34D33FA85B}
	EndGlobalSection
EndGlobal
